
Microsoft Visual Studio Solution File, Format Version 12.00
# Visual Studio Version 16
VisualStudioVersion = 16.0.30717.126
MinimumVisualStudioVersion = 10.0.40219.1
Project("{FAE04EC0-301F-11D3-BF4B-00C04F79EFBC}") = "Assignment2", "Assignment2\Assignment2.csproj", "{EB9D25DE-379E-48F1-B5AF-83F951CD08BB}"
EndProject
Global
	GlobalSection(SolutionConfigurationPlatforms) = preSolution
		Debug|Any CPU = Debug|Any CPU
		Release|Any CPU = Release|Any CPU
	EndGlobalSection
	GlobalSection(ProjectConfigurationPlatforms) = postSolution
		{EB9D25DE-379E-48F1-B5AF-83F951CD08BB}.Debug|Any CPU.ActiveCfg = Debug|Any CPU
		{EB9D25DE-379E-48F1-B5AF-83F951CD08BB}.Debug|Any CPU.Build.0 = Debug|Any CPU
		{EB9D25DE-379E-48F1-B5AF-83F951CD08BB}.Release|Any CPU.ActiveCfg = Release|Any CPU
		{EB9D25DE-379E-48F1-B5AF-83F951CD08BB}.Release|Any CPU.Build.0 = Release|Any CPU
	EndGlobalSection
	GlobalSection(SolutionProperties) = preSolution
		HideSolutionNode = FALSE
	EndGlobalSection
	GlobalSection(ExtensibilityGlobals) = postSolution
		SolutionGuid = {598F23BA-A12C-48F1-82B8-F454EB15D3A9}
	EndGlobalSection
EndGlobal
